// !$*UTF8*$!
{
	archiveVersion = 1;
	classes = {
	};
	objectVersion = 60;
	objects = {

/* Begin PBXBuildFile section */
		100000000000000000000001 /* CPUAlertApp.swift in Sources */ = {isa = PBXBuildFile; fileRef = 110000000000000000000001 /* CPUAlertApp.swift */; };
		100000000000000000000002 /* MenuBarLabel.swift in Sources */ = {isa = PBXBuildFile; fileRef = 110000000000000000000002 /* MenuBarLabel.swift */; };
		100000000000000000000003 /* Assets.xcassets in Resources */ = {isa = PBXBuildFile; fileRef = 110000000000000000000003 /* Assets.xcassets */; };
		100000000000000000000004 /* SamplingPolicyTests.swift in Sources */ = {isa = PBXBuildFile; fileRef = 110000000000000000000006 /* SamplingPolicyTests.swift */; };
		100000000000000000000005 /* Metrics.swift in Sources */ = {isa = PBXBuildFile; fileRef = 110000000000000000000007 /* Metrics.swift */; };
		100000000000000000000006 /* Configuration.swift in Sources */ = {isa = PBXBuildFile; fileRef = 110000000000000000000008 /* Configuration.swift */; };
		100000000000000000000007 /* CollectorProtocols.swift in Sources */ = {isa = PBXBuildFile; fileRef = 110000000000000000000009 /* CollectorProtocols.swift */; };
		100000000000000000000008 /* SamplingPolicy.swift in Sources */ = {isa = PBXBuildFile; fileRef = 11000000000000000000000A /* SamplingPolicy.swift */; };
		100000000000000000000009 /* CPUCollectorTests.swift in Sources */ = {isa = PBXBuildFile; fileRef = 11000000000000000000000B /* CPUCollectorTests.swift */; };
		10000000000000000000000A /* DarwinBridge.c in Sources */ = {isa = PBXBuildFile; fileRef = 11000000000000000000000D /* DarwinBridge.c */; };
		10000000000000000000000B /* CPUCollectors.swift in Sources */ = {isa = PBXBuildFile; fileRef = 11000000000000000000000E /* CPUCollectors.swift */; };
		10000000000000000000000C /* GPUCollectorTests.swift in Sources */ = {isa = PBXBuildFile; fileRef = 11000000000000000000000F /* GPUCollectorTests.swift */; };
		10000000000000000000000D /* GPUCollectors.swift in Sources */ = {isa = PBXBuildFile; fileRef = 110000000000000000000020 /* GPUCollectors.swift */; };
		10000000000000000000000E /* io-report-single-die.plist in Resources */ = {isa = PBXBuildFile; fileRef = 110000000000000000000021 /* io-report-single-die.plist */; };
		10000000000000000000000F /* io-report-multi-die.plist in Resources */ = {isa = PBXBuildFile; fileRef = 110000000000000000000022 /* io-report-multi-die.plist */; };
		100000000000000000000010 /* IOKit.framework in Frameworks */ = {isa = PBXBuildFile; fileRef = 110000000000000000000023 /* IOKit.framework */; };
		100000000000000000000011 /* SamplingEngineTests.swift in Sources */ = {isa = PBXBuildFile; fileRef = 110000000000000000000024 /* SamplingEngineTests.swift */; };
		100000000000000000000012 /* SamplingEngine.swift in Sources */ = {isa = PBXBuildFile; fileRef = 110000000000000000000025 /* SamplingEngine.swift */; };
		100000000000000000000013 /* PowerStateMonitor.swift in Sources */ = {isa = PBXBuildFile; fileRef = 110000000000000000000026 /* PowerStateMonitor.swift */; };
		100000000000000000000014 /* MonitorModel.swift in Sources */ = {isa = PBXBuildFile; fileRef = 110000000000000000000027 /* MonitorModel.swift */; };
		100000000000000000000015 /* MonitorPanel.swift in Sources */ = {isa = PBXBuildFile; fileRef = 110000000000000000000028 /* MonitorPanel.swift */; };
		100000000000000000000016 /* RankedProcessList.swift in Sources */ = {isa = PBXBuildFile; fileRef = 110000000000000000000029 /* RankedProcessList.swift */; };
		100000000000000000000017 /* CPUAlertUITests.swift in Sources */ = {isa = PBXBuildFile; fileRef = 11000000000000000000002A /* CPUAlertUITests.swift */; };
		100000000000000000000018 /* AlertEngineTests.swift in Sources */ = {isa = PBXBuildFile; fileRef = 11000000000000000000002B /* AlertEngineTests.swift */; };
		100000000000000000000019 /* AlertEngine.swift in Sources */ = {isa = PBXBuildFile; fileRef = 11000000000000000000002C /* AlertEngine.swift */; };
		10000000000000000000001A /* NotificationService.swift in Sources */ = {isa = PBXBuildFile; fileRef = 11000000000000000000002D /* NotificationService.swift */; };
		10000000000000000000001B /* ProtectedProcessPolicyTests.swift in Sources */ = {isa = PBXBuildFile; fileRef = 11000000000000000000002E /* ProtectedProcessPolicyTests.swift */; };
		10000000000000000000001C /* TerminationCoordinatorTests.swift in Sources */ = {isa = PBXBuildFile; fileRef = 11000000000000000000002F /* TerminationCoordinatorTests.swift */; };
		10000000000000000000001D /* HelperProtocol.swift in Sources */ = {isa = PBXBuildFile; fileRef = 110000000000000000000030 /* HelperProtocol.swift */; };
		10000000000000000000001E /* ProcessIdentityReader.swift in Sources */ = {isa = PBXBuildFile; fileRef = 110000000000000000000031 /* ProcessIdentityReader.swift */; };
		10000000000000000000001F /* ProtectedProcessPolicy.swift in Sources */ = {isa = PBXBuildFile; fileRef = 110000000000000000000032 /* ProtectedProcessPolicy.swift */; };
		100000000000000000000020 /* TerminationCoordinator.swift in Sources */ = {isa = PBXBuildFile; fileRef = 110000000000000000000033 /* TerminationCoordinator.swift */; };
		100000000000000000000021 /* LegacyBlessingInstaller.m in Sources */ = {isa = PBXBuildFile; fileRef = 110000000000000000000035 /* LegacyBlessingInstaller.m */; };
		100000000000000000000022 /* HelperClient.swift in Sources */ = {isa = PBXBuildFile; fileRef = 110000000000000000000037 /* HelperClient.swift */; };
		100000000000000000000023 /* Security.framework in Frameworks */ = {isa = PBXBuildFile; fileRef = 110000000000000000000038 /* Security.framework */; };
		100000000000000000000024 /* ServiceManagement.framework in Frameworks */ = {isa = PBXBuildFile; fileRef = 110000000000000000000039 /* ServiceManagement.framework */; };
		100000000000000000000025 /* LocalAuthentication.framework in Frameworks */ = {isa = PBXBuildFile; fileRef = 11000000000000000000003A /* LocalAuthentication.framework */; };
		100000000000000000000026 /* HelperProtocol.swift in Sources */ = {isa = PBXBuildFile; fileRef = 110000000000000000000030 /* HelperProtocol.swift */; };
		100000000000000000000027 /* ProcessIdentityReader.swift in Sources */ = {isa = PBXBuildFile; fileRef = 110000000000000000000031 /* ProcessIdentityReader.swift */; };
		100000000000000000000028 /* ProtectedProcessPolicy.swift in Sources */ = {isa = PBXBuildFile; fileRef = 110000000000000000000032 /* ProtectedProcessPolicy.swift */; };
		100000000000000000000029 /* Metrics.swift in Sources */ = {isa = PBXBuildFile; fileRef = 110000000000000000000007 /* Metrics.swift */; };
		10000000000000000000002A /* main.swift in Sources */ = {isa = PBXBuildFile; fileRef = 11000000000000000000003B /* main.swift */; };
		10000000000000000000002B /* HelperService.swift in Sources */ = {isa = PBXBuildFile; fileRef = 11000000000000000000003C /* HelperService.swift */; };
		10000000000000000000002C /* Security.framework in Frameworks */ = {isa = PBXBuildFile; fileRef = 110000000000000000000038 /* Security.framework */; };
		10000000000000000000002D /* com.cpualert.helper in Copy Helper */ = {isa = PBXBuildFile; fileRef = 110000000000000000000012 /* com.cpualert.helper */; settings = {ATTRIBUTES = (CodeSignOnCopy, RemoveHeadersOnCopy, ); }; };
		10000000000000000000002E /* AppSettingsTests.swift in Sources */ = {isa = PBXBuildFile; fileRef = 11000000000000000000003F /* AppSettingsTests.swift */; };
		10000000000000000000002F /* AppSettings.swift in Sources */ = {isa = PBXBuildFile; fileRef = 110000000000000000000040 /* AppSettings.swift */; };
		100000000000000000000030 /* LoginItemService.swift in Sources */ = {isa = PBXBuildFile; fileRef = 110000000000000000000041 /* LoginItemService.swift */; };
		100000000000000000000031 /* UITestState.swift in Sources */ = {isa = PBXBuildFile; fileRef = 110000000000000000000042 /* UITestState.swift */; };
		100000000000000000000032 /* FirstRunView.swift in Sources */ = {isa = PBXBuildFile; fileRef = 110000000000000000000043 /* FirstRunView.swift */; };
		100000000000000000000033 /* SettingsView.swift in Sources */ = {isa = PBXBuildFile; fileRef = 110000000000000000000044 /* SettingsView.swift */; };
		100000000000000000000034 /* Localizable.xcstrings in Resources */ = {isa = PBXBuildFile; fileRef = 110000000000000000000045 /* Localizable.xcstrings */; };
/* End PBXBuildFile section */

/* Begin PBXCopyFilesBuildPhase section */
		440000000000000000000001 /* Copy Helper */ = {
			isa = PBXCopyFilesBuildPhase;
			buildActionMask = 2147483647;
			dstPath = Contents/Library/LaunchServices;
			dstSubfolderSpec = 1;
			files = (
				10000000000000000000002D /* com.cpualert.helper in Copy Helper */,
			);
			name = "Copy Helper";
			runOnlyForDeploymentPostprocessing = 0;
		};
/* End PBXCopyFilesBuildPhase section */

/* Begin PBXContainerItemProxy section */
		120000000000000000000001 /* PBXContainerItemProxy */ = {
			isa = PBXContainerItemProxy;
			containerPortal = 200000000000000000000001 /* Project object */;
			proxyType = 1;
			remoteGlobalIDString = 300000000000000000000001;
			remoteInfo = CPUAlert;
		};
		120000000000000000000002 /* PBXContainerItemProxy */ = {
			isa = PBXContainerItemProxy;
			containerPortal = 200000000000000000000001 /* Project object */;
			proxyType = 1;
			remoteGlobalIDString = 300000000000000000000001;
			remoteInfo = CPUAlert;
		};
		120000000000000000000003 /* PBXContainerItemProxy */ = {
			isa = PBXContainerItemProxy;
			containerPortal = 200000000000000000000001 /* Project object */;
			proxyType = 1;
			remoteGlobalIDString = 300000000000000000000002;
			remoteInfo = CPUAlertHelper;
		};
/* End PBXContainerItemProxy section */

/* Begin PBXFileReference section */
		110000000000000000000001 /* CPUAlertApp.swift */ = {isa = PBXFileReference; lastKnownFileType = sourcecode.swift; path = CPUAlertApp.swift; sourceTree = "<group>"; };
		110000000000000000000002 /* MenuBarLabel.swift */ = {isa = PBXFileReference; lastKnownFileType = sourcecode.swift; path = MenuBarLabel.swift; sourceTree = "<group>"; };
		110000000000000000000003 /* Assets.xcassets */ = {isa = PBXFileReference; lastKnownFileType = folder.assetcatalog; path = Assets.xcassets; sourceTree = "<group>"; };
		110000000000000000000004 /* Info.plist */ = {isa = PBXFileReference; lastKnownFileType = text.plist.xml; path = Info.plist; sourceTree = "<group>"; };
		110000000000000000000005 /* Base.xcconfig */ = {isa = PBXFileReference; lastKnownFileType = text.xcconfig; path = Base.xcconfig; sourceTree = "<group>"; };
		110000000000000000000006 /* SamplingPolicyTests.swift */ = {isa = PBXFileReference; lastKnownFileType = sourcecode.swift; path = SamplingPolicyTests.swift; sourceTree = "<group>"; };
		110000000000000000000007 /* Metrics.swift */ = {isa = PBXFileReference; lastKnownFileType = sourcecode.swift; path = Metrics.swift; sourceTree = "<group>"; };
		110000000000000000000008 /* Configuration.swift */ = {isa = PBXFileReference; lastKnownFileType = sourcecode.swift; path = Configuration.swift; sourceTree = "<group>"; };
		110000000000000000000009 /* CollectorProtocols.swift */ = {isa = PBXFileReference; lastKnownFileType = sourcecode.swift; path = CollectorProtocols.swift; sourceTree = "<group>"; };
		11000000000000000000000A /* SamplingPolicy.swift */ = {isa = PBXFileReference; lastKnownFileType = sourcecode.swift; path = SamplingPolicy.swift; sourceTree = "<group>"; };
		11000000000000000000000B /* CPUCollectorTests.swift */ = {isa = PBXFileReference; lastKnownFileType = sourcecode.swift; path = CPUCollectorTests.swift; sourceTree = "<group>"; };
		11000000000000000000000C /* DarwinBridge.h */ = {isa = PBXFileReference; lastKnownFileType = sourcecode.c.h; path = DarwinBridge.h; sourceTree = "<group>"; };
		11000000000000000000000D /* DarwinBridge.c */ = {isa = PBXFileReference; lastKnownFileType = sourcecode.c.c; path = DarwinBridge.c; sourceTree = "<group>"; };
		11000000000000000000000E /* CPUCollectors.swift */ = {isa = PBXFileReference; lastKnownFileType = sourcecode.swift; path = CPUCollectors.swift; sourceTree = "<group>"; };
		11000000000000000000000F /* GPUCollectorTests.swift */ = {isa = PBXFileReference; lastKnownFileType = sourcecode.swift; path = GPUCollectorTests.swift; sourceTree = "<group>"; };
		110000000000000000000020 /* GPUCollectors.swift */ = {isa = PBXFileReference; lastKnownFileType = sourcecode.swift; path = GPUCollectors.swift; sourceTree = "<group>"; };
		110000000000000000000021 /* io-report-single-die.plist */ = {isa = PBXFileReference; lastKnownFileType = text.plist.xml; path = "io-report-single-die.plist"; sourceTree = "<group>"; };
		110000000000000000000022 /* io-report-multi-die.plist */ = {isa = PBXFileReference; lastKnownFileType = text.plist.xml; path = "io-report-multi-die.plist"; sourceTree = "<group>"; };
		110000000000000000000023 /* IOKit.framework */ = {isa = PBXFileReference; lastKnownFileType = wrapper.framework; name = IOKit.framework; path = System/Library/Frameworks/IOKit.framework; sourceTree = SDKROOT; };
		110000000000000000000024 /* SamplingEngineTests.swift */ = {isa = PBXFileReference; lastKnownFileType = sourcecode.swift; path = SamplingEngineTests.swift; sourceTree = "<group>"; };
		110000000000000000000025 /* SamplingEngine.swift */ = {isa = PBXFileReference; lastKnownFileType = sourcecode.swift; path = SamplingEngine.swift; sourceTree = "<group>"; };
		110000000000000000000026 /* PowerStateMonitor.swift */ = {isa = PBXFileReference; lastKnownFileType = sourcecode.swift; path = PowerStateMonitor.swift; sourceTree = "<group>"; };
		110000000000000000000027 /* MonitorModel.swift */ = {isa = PBXFileReference; lastKnownFileType = sourcecode.swift; path = MonitorModel.swift; sourceTree = "<group>"; };
		110000000000000000000028 /* MonitorPanel.swift */ = {isa = PBXFileReference; lastKnownFileType = sourcecode.swift; path = MonitorPanel.swift; sourceTree = "<group>"; };
		110000000000000000000029 /* RankedProcessList.swift */ = {isa = PBXFileReference; lastKnownFileType = sourcecode.swift; path = RankedProcessList.swift; sourceTree = "<group>"; };
		11000000000000000000002A /* CPUAlertUITests.swift */ = {isa = PBXFileReference; lastKnownFileType = sourcecode.swift; path = CPUAlertUITests.swift; sourceTree = "<group>"; };
		11000000000000000000002B /* AlertEngineTests.swift */ = {isa = PBXFileReference; lastKnownFileType = sourcecode.swift; path = AlertEngineTests.swift; sourceTree = "<group>"; };
		11000000000000000000002C /* AlertEngine.swift */ = {isa = PBXFileReference; lastKnownFileType = sourcecode.swift; path = AlertEngine.swift; sourceTree = "<group>"; };
		11000000000000000000002D /* NotificationService.swift */ = {isa = PBXFileReference; lastKnownFileType = sourcecode.swift; path = NotificationService.swift; sourceTree = "<group>"; };
		11000000000000000000002E /* ProtectedProcessPolicyTests.swift */ = {isa = PBXFileReference; lastKnownFileType = sourcecode.swift; path = ProtectedProcessPolicyTests.swift; sourceTree = "<group>"; };
		11000000000000000000002F /* TerminationCoordinatorTests.swift */ = {isa = PBXFileReference; lastKnownFileType = sourcecode.swift; path = TerminationCoordinatorTests.swift; sourceTree = "<group>"; };
		110000000000000000000030 /* HelperProtocol.swift */ = {isa = PBXFileReference; lastKnownFileType = sourcecode.swift; path = HelperProtocol.swift; sourceTree = "<group>"; };
		110000000000000000000031 /* ProcessIdentityReader.swift */ = {isa = PBXFileReference; lastKnownFileType = sourcecode.swift; path = ProcessIdentityReader.swift; sourceTree = "<group>"; };
		110000000000000000000032 /* ProtectedProcessPolicy.swift */ = {isa = PBXFileReference; lastKnownFileType = sourcecode.swift; path = ProtectedProcessPolicy.swift; sourceTree = "<group>"; };
		110000000000000000000033 /* TerminationCoordinator.swift */ = {isa = PBXFileReference; lastKnownFileType = sourcecode.swift; path = TerminationCoordinator.swift; sourceTree = "<group>"; };
		110000000000000000000034 /* LegacyBlessingInstaller.h */ = {isa = PBXFileReference; lastKnownFileType = sourcecode.c.h; path = LegacyBlessingInstaller.h; sourceTree = "<group>"; };
		110000000000000000000035 /* LegacyBlessingInstaller.m */ = {isa = PBXFileReference; lastKnownFileType = sourcecode.c.objc; path = LegacyBlessingInstaller.m; sourceTree = "<group>"; };
		110000000000000000000036 /* CPUAlert-Bridging-Header.h */ = {isa = PBXFileReference; lastKnownFileType = sourcecode.c.h; path = "CPUAlert-Bridging-Header.h"; sourceTree = "<group>"; };
		110000000000000000000037 /* HelperClient.swift */ = {isa = PBXFileReference; lastKnownFileType = sourcecode.swift; path = HelperClient.swift; sourceTree = "<group>"; };
		110000000000000000000038 /* Security.framework */ = {isa = PBXFileReference; lastKnownFileType = wrapper.framework; name = Security.framework; path = System/Library/Frameworks/Security.framework; sourceTree = SDKROOT; };
		110000000000000000000039 /* ServiceManagement.framework */ = {isa = PBXFileReference; lastKnownFileType = wrapper.framework; name = ServiceManagement.framework; path = System/Library/Frameworks/ServiceManagement.framework; sourceTree = SDKROOT; };
		11000000000000000000003A /* LocalAuthentication.framework */ = {isa = PBXFileReference; lastKnownFileType = wrapper.framework; name = LocalAuthentication.framework; path = System/Library/Frameworks/LocalAuthentication.framework; sourceTree = SDKROOT; };
		11000000000000000000003B /* main.swift */ = {isa = PBXFileReference; lastKnownFileType = sourcecode.swift; path = main.swift; sourceTree = "<group>"; };
		11000000000000000000003C /* HelperService.swift */ = {isa = PBXFileReference; lastKnownFileType = sourcecode.swift; path = HelperService.swift; sourceTree = "<group>"; };
		11000000000000000000003D /* Helper-Info.plist */ = {isa = PBXFileReference; lastKnownFileType = text.plist.xml; path = "Helper-Info.plist"; sourceTree = "<group>"; };
		11000000000000000000003E /* Launchd.plist */ = {isa = PBXFileReference; lastKnownFileType = text.plist.xml; path = Launchd.plist; sourceTree = "<group>"; };
		11000000000000000000003F /* AppSettingsTests.swift */ = {isa = PBXFileReference; lastKnownFileType = sourcecode.swift; path = AppSettingsTests.swift; sourceTree = "<group>"; };
		110000000000000000000040 /* AppSettings.swift */ = {isa = PBXFileReference; lastKnownFileType = sourcecode.swift; path = AppSettings.swift; sourceTree = "<group>"; };
		110000000000000000000041 /* LoginItemService.swift */ = {isa = PBXFileReference; lastKnownFileType = sourcecode.swift; path = LoginItemService.swift; sourceTree = "<group>"; };
		110000000000000000000042 /* UITestState.swift */ = {isa = PBXFileReference; lastKnownFileType = sourcecode.swift; path = UITestState.swift; sourceTree = "<group>"; };
		110000000000000000000043 /* FirstRunView.swift */ = {isa = PBXFileReference; lastKnownFileType = sourcecode.swift; path = FirstRunView.swift; sourceTree = "<group>"; };
		110000000000000000000044 /* SettingsView.swift */ = {isa = PBXFileReference; lastKnownFileType = sourcecode.swift; path = SettingsView.swift; sourceTree = "<group>"; };
		110000000000000000000045 /* Localizable.xcstrings */ = {isa = PBXFileReference; lastKnownFileType = text.json.xcstrings; path = Localizable.xcstrings; sourceTree = "<group>"; };
		110000000000000000000011 /* CPUAlert.app */ = {isa = PBXFileReference; explicitFileType = wrapper.application; includeInIndex = 0; path = CPUAlert.app; sourceTree = BUILT_PRODUCTS_DIR; };
		110000000000000000000012 /* com.cpualert.helper */ = {isa = PBXFileReference; explicitFileType = "compiled.mach-o.executable"; includeInIndex = 0; path = com.cpualert.helper; sourceTree = BUILT_PRODUCTS_DIR; };
		110000000000000000000013 /* CPUAlertTests.xctest */ = {isa = PBXFileReference; explicitFileType = wrapper.cfbundle; includeInIndex = 0; path = CPUAlertTests.xctest; sourceTree = BUILT_PRODUCTS_DIR; };
		110000000000000000000014 /* CPUAlertUITests.xctest */ = {isa = PBXFileReference; explicitFileType = wrapper.cfbundle; includeInIndex = 0; path = CPUAlertUITests.xctest; sourceTree = BUILT_PRODUCTS_DIR; };
		110000000000000000000015 /* CPUStress */ = {isa = PBXFileReference; explicitFileType = "compiled.mach-o.executable"; includeInIndex = 0; path = CPUStress; sourceTree = BUILT_PRODUCTS_DIR; };
		110000000000000000000016 /* GPUStress */ = {isa = PBXFileReference; explicitFileType = "compiled.mach-o.executable"; includeInIndex = 0; path = GPUStress; sourceTree = BUILT_PRODUCTS_DIR; };
/* End PBXFileReference section */

/* Begin PBXFrameworksBuildPhase section */
		400000000000000000000001 /* Frameworks */ = {isa = PBXFrameworksBuildPhase; buildActionMask = 2147483647; files = (100000000000000000000010 /* IOKit.framework in Frameworks */, 100000000000000000000023 /* Security.framework in Frameworks */, 100000000000000000000024 /* ServiceManagement.framework in Frameworks */, 100000000000000000000025 /* LocalAuthentication.framework in Frameworks */,); runOnlyForDeploymentPostprocessing = 0; };
		400000000000000000000002 /* Frameworks */ = {isa = PBXFrameworksBuildPhase; buildActionMask = 2147483647; files = (10000000000000000000002C /* Security.framework in Frameworks */,); runOnlyForDeploymentPostprocessing = 0; };
		400000000000000000000003 /* Frameworks */ = {isa = PBXFrameworksBuildPhase; buildActionMask = 2147483647; files = (); runOnlyForDeploymentPostprocessing = 0; };
		400000000000000000000004 /* Frameworks */ = {isa = PBXFrameworksBuildPhase; buildActionMask = 2147483647; files = (); runOnlyForDeploymentPostprocessing = 0; };
		400000000000000000000005 /* Frameworks */ = {isa = PBXFrameworksBuildPhase; buildActionMask = 2147483647; files = (); runOnlyForDeploymentPostprocessing = 0; };
		400000000000000000000006 /* Frameworks */ = {isa = PBXFrameworksBuildPhase; buildActionMask = 2147483647; files = (); runOnlyForDeploymentPostprocessing = 0; };
/* End PBXFrameworksBuildPhase section */

/* Begin PBXGroup section */
		200000000000000000000002 = {
			isa = PBXGroup;
			children = (
				200000000000000000000004 /* Config */,
				200000000000000000000005 /* CPUAlertApp */,
				200000000000000000000014 /* CPUAlertShared */,
				200000000000000000000009 /* CPUAlertHelper */,
				20000000000000000000000A /* CPUAlertTests */,
				20000000000000000000000B /* CPUAlertUITests */,
				20000000000000000000000C /* TestFixtures */,
				200000000000000000000012 /* Frameworks */,
				200000000000000000000003 /* Products */,
			);
			sourceTree = "<group>";
		};
		200000000000000000000003 /* Products */ = {
			isa = PBXGroup;
			children = (
				110000000000000000000011 /* CPUAlert.app */,
				110000000000000000000012 /* com.cpualert.helper */,
				110000000000000000000013 /* CPUAlertTests.xctest */,
				110000000000000000000014 /* CPUAlertUITests.xctest */,
				110000000000000000000015 /* CPUStress */,
				110000000000000000000016 /* GPUStress */,
			);
			name = Products;
			sourceTree = "<group>";
		};
		200000000000000000000004 /* Config */ = {
			isa = PBXGroup;
			children = (110000000000000000000005 /* Base.xcconfig */,);
			path = Config;
			sourceTree = "<group>";
		};
		200000000000000000000005 /* CPUAlertApp */ = {
			isa = PBXGroup;
			children = (
				200000000000000000000006 /* App */,
				20000000000000000000000F /* Domain */,
				200000000000000000000010 /* Monitoring */,
				200000000000000000000013 /* Alerts */,
				200000000000000000000015 /* Termination */,
				200000000000000000000016 /* Settings */,
				200000000000000000000007 /* UI */,
				200000000000000000000008 /* Resources */,
				110000000000000000000004 /* Info.plist */,
				110000000000000000000036 /* CPUAlert-Bridging-Header.h */,
			);
			path = CPUAlertApp;
			sourceTree = "<group>";
		};
		200000000000000000000006 /* App */ = {isa = PBXGroup; children = (110000000000000000000001 /* CPUAlertApp.swift */, 110000000000000000000027 /* MonitorModel.swift */, 110000000000000000000042 /* UITestState.swift */,); path = App; sourceTree = "<group>"; };
		200000000000000000000007 /* UI */ = {isa = PBXGroup; children = (110000000000000000000002 /* MenuBarLabel.swift */, 110000000000000000000028 /* MonitorPanel.swift */, 110000000000000000000029 /* RankedProcessList.swift */, 110000000000000000000043 /* FirstRunView.swift */, 110000000000000000000044 /* SettingsView.swift */,); path = UI; sourceTree = "<group>"; };
		200000000000000000000008 /* Resources */ = {isa = PBXGroup; children = (110000000000000000000003 /* Assets.xcassets */, 110000000000000000000045 /* Localizable.xcstrings */,); path = Resources; sourceTree = "<group>"; };
		200000000000000000000009 /* CPUAlertHelper */ = {isa = PBXGroup; children = (11000000000000000000003B /* main.swift */, 11000000000000000000003C /* HelperService.swift */, 11000000000000000000003D /* Helper-Info.plist */, 11000000000000000000003E /* Launchd.plist */,); path = CPUAlertHelper; sourceTree = "<group>"; };
		20000000000000000000000A /* CPUAlertTests */ = {isa = PBXGroup; children = (110000000000000000000006 /* SamplingPolicyTests.swift */, 11000000000000000000000B /* CPUCollectorTests.swift */, 11000000000000000000000F /* GPUCollectorTests.swift */, 110000000000000000000024 /* SamplingEngineTests.swift */, 11000000000000000000002B /* AlertEngineTests.swift */, 11000000000000000000002E /* ProtectedProcessPolicyTests.swift */, 11000000000000000000002F /* TerminationCoordinatorTests.swift */, 11000000000000000000003F /* AppSettingsTests.swift */, 200000000000000000000011 /* Fixtures */,); path = CPUAlertTests; sourceTree = "<group>"; };
		20000000000000000000000B /* CPUAlertUITests */ = {isa = PBXGroup; children = (11000000000000000000002A /* CPUAlertUITests.swift */,); path = CPUAlertUITests; sourceTree = "<group>"; };
		20000000000000000000000C /* TestFixtures */ = {
			isa = PBXGroup;
			children = (20000000000000000000000D /* CPUStress */, 20000000000000000000000E /* GPUStress */,);
			path = TestFixtures;
			sourceTree = "<group>";
		};
		20000000000000000000000D /* CPUStress */ = {isa = PBXGroup; children = (); path = CPUStress; sourceTree = "<group>"; };
		20000000000000000000000E /* GPUStress */ = {isa = PBXGroup; children = (); path = GPUStress; sourceTree = "<group>"; };
		20000000000000000000000F /* Domain */ = {isa = PBXGroup; children = (110000000000000000000007 /* Metrics.swift */, 110000000000000000000008 /* Configuration.swift */,); path = Domain; sourceTree = "<group>"; };
		200000000000000000000010 /* Monitoring */ = {isa = PBXGroup; children = (110000000000000000000009 /* CollectorProtocols.swift */, 11000000000000000000000A /* SamplingPolicy.swift */, 11000000000000000000000C /* DarwinBridge.h */, 11000000000000000000000D /* DarwinBridge.c */, 11000000000000000000000E /* CPUCollectors.swift */, 110000000000000000000020 /* GPUCollectors.swift */, 110000000000000000000025 /* SamplingEngine.swift */, 110000000000000000000026 /* PowerStateMonitor.swift */,); path = Monitoring; sourceTree = "<group>"; };
		200000000000000000000011 /* Fixtures */ = {isa = PBXGroup; children = (110000000000000000000021 /* io-report-single-die.plist */, 110000000000000000000022 /* io-report-multi-die.plist */,); path = Fixtures; sourceTree = "<group>"; };
		200000000000000000000012 /* Frameworks */ = {isa = PBXGroup; children = (110000000000000000000023 /* IOKit.framework */, 110000000000000000000038 /* Security.framework */, 110000000000000000000039 /* ServiceManagement.framework */, 11000000000000000000003A /* LocalAuthentication.framework */,); name = Frameworks; sourceTree = "<group>"; };
		200000000000000000000013 /* Alerts */ = {isa = PBXGroup; children = (11000000000000000000002C /* AlertEngine.swift */, 11000000000000000000002D /* NotificationService.swift */,); path = Alerts; sourceTree = "<group>"; };
		200000000000000000000014 /* CPUAlertShared */ = {isa = PBXGroup; children = (110000000000000000000030 /* HelperProtocol.swift */, 110000000000000000000031 /* ProcessIdentityReader.swift */,); path = CPUAlertShared; sourceTree = "<group>"; };
		200000000000000000000015 /* Termination */ = {isa = PBXGroup; children = (110000000000000000000032 /* ProtectedProcessPolicy.swift */, 110000000000000000000033 /* TerminationCoordinator.swift */, 110000000000000000000037 /* HelperClient.swift */, 110000000000000000000034 /* LegacyBlessingInstaller.h */, 110000000000000000000035 /* LegacyBlessingInstaller.m */,); path = Termination; sourceTree = "<group>"; };
		200000000000000000000016 /* Settings */ = {isa = PBXGroup; children = (110000000000000000000040 /* AppSettings.swift */, 110000000000000000000041 /* LoginItemService.swift */,); path = Settings; sourceTree = "<group>"; };
/* End PBXGroup section */

/* Begin PBXNativeTarget section */
		300000000000000000000001 /* CPUAlert */ = {
			isa = PBXNativeTarget;
			buildConfigurationList = 500000000000000000000002 /* Build configuration list for PBXNativeTarget "CPUAlert" */;
			buildPhases = (410000000000000000000001 /* Sources */, 400000000000000000000001 /* Frameworks */, 420000000000000000000001 /* Resources */, 440000000000000000000001 /* Copy Helper */,);
			buildRules = ();
			dependencies = (430000000000000000000003 /* PBXTargetDependency */,);
			name = CPUAlert;
			productName = CPUAlert;
			productReference = 110000000000000000000011 /* CPUAlert.app */;
			productType = "com.apple.product-type.application";
		};
		300000000000000000000002 /* CPUAlertHelper */ = {
			isa = PBXNativeTarget;
			buildConfigurationList = 500000000000000000000003 /* Build configuration list for PBXNativeTarget "CPUAlertHelper" */;
			buildPhases = (410000000000000000000002 /* Sources */, 400000000000000000000002 /* Frameworks */, 420000000000000000000002 /* Resources */,);
			buildRules = ();
			dependencies = ();
			name = CPUAlertHelper;
			productName = com.cpualert.helper;
			productReference = 110000000000000000000012 /* com.cpualert.helper */;
			productType = "com.apple.product-type.tool";
		};
		300000000000000000000003 /* CPUAlertTests */ = {
			isa = PBXNativeTarget;
			buildConfigurationList = 500000000000000000000004 /* Build configuration list for PBXNativeTarget "CPUAlertTests" */;
			buildPhases = (410000000000000000000003 /* Sources */, 400000000000000000000003 /* Frameworks */, 420000000000000000000003 /* Resources */,);
			buildRules = ();
			dependencies = (430000000000000000000001 /* PBXTargetDependency */,);
			name = CPUAlertTests;
			productName = CPUAlertTests;
			productReference = 110000000000000000000013 /* CPUAlertTests.xctest */;
			productType = "com.apple.product-type.bundle.unit-test";
		};
		300000000000000000000004 /* CPUAlertUITests */ = {
			isa = PBXNativeTarget;
			buildConfigurationList = 500000000000000000000005 /* Build configuration list for PBXNativeTarget "CPUAlertUITests" */;
			buildPhases = (410000000000000000000004 /* Sources */, 400000000000000000000004 /* Frameworks */, 420000000000000000000004 /* Resources */,);
			buildRules = ();
			dependencies = (430000000000000000000002 /* PBXTargetDependency */,);
			name = CPUAlertUITests;
			productName = CPUAlertUITests;
			productReference = 110000000000000000000014 /* CPUAlertUITests.xctest */;
			productType = "com.apple.product-type.bundle.ui-testing";
		};
		300000000000000000000005 /* CPUStress */ = {
			isa = PBXNativeTarget;
			buildConfigurationList = 500000000000000000000006 /* Build configuration list for PBXNativeTarget "CPUStress" */;
			buildPhases = (410000000000000000000005 /* Sources */, 400000000000000000000005 /* Frameworks */, 420000000000000000000005 /* Resources */,);
			buildRules = ();
			dependencies = ();
			name = CPUStress;
			productName = CPUStress;
			productReference = 110000000000000000000015 /* CPUStress */;
			productType = "com.apple.product-type.tool";
		};
		300000000000000000000006 /* GPUStress */ = {
			isa = PBXNativeTarget;
			buildConfigurationList = 500000000000000000000007 /* Build configuration list for PBXNativeTarget "GPUStress" */;
			buildPhases = (410000000000000000000006 /* Sources */, 400000000000000000000006 /* Frameworks */, 420000000000000000000006 /* Resources */,);
			buildRules = ();
			dependencies = ();
			name = GPUStress;
			productName = GPUStress;
			productReference = 110000000000000000000016 /* GPUStress */;
			productType = "com.apple.product-type.tool";
		};
/* End PBXNativeTarget section */

/* Begin PBXProject section */
		200000000000000000000001 /* Project object */ = {
			isa = PBXProject;
			attributes = {
				BuildIndependentTargetsInParallel = 1;
				LastSwiftUpdateCheck = 2660;
				LastUpgradeCheck = 2660;
				TargetAttributes = {
					300000000000000000000001 = {CreatedOnToolsVersion = 26.6;};
					300000000000000000000002 = {CreatedOnToolsVersion = 26.6;};
					300000000000000000000003 = {CreatedOnToolsVersion = 26.6; TestTargetID = 300000000000000000000001;};
					300000000000000000000004 = {CreatedOnToolsVersion = 26.6; TestTargetID = 300000000000000000000001;};
					300000000000000000000005 = {CreatedOnToolsVersion = 26.6;};
					300000000000000000000006 = {CreatedOnToolsVersion = 26.6;};
				};
			};
			buildConfigurationList = 500000000000000000000001 /* Build configuration list for PBXProject "CPUAlert" */;
			compatibilityVersion = "Xcode 15.0";
			developmentRegion = en;
			hasScannedForEncodings = 0;
			knownRegions = (en, Base, "zh-Hans",);
			mainGroup = 200000000000000000000002;
			productRefGroup = 200000000000000000000003 /* Products */;
			projectDirPath = "";
			projectRoot = "";
			targets = (
				300000000000000000000001 /* CPUAlert */,
				300000000000000000000002 /* CPUAlertHelper */,
				300000000000000000000003 /* CPUAlertTests */,
				300000000000000000000004 /* CPUAlertUITests */,
				300000000000000000000005 /* CPUStress */,
				300000000000000000000006 /* GPUStress */,
			);
		};
/* End PBXProject section */

/* Begin PBXResourcesBuildPhase section */
		420000000000000000000001 /* Resources */ = {isa = PBXResourcesBuildPhase; buildActionMask = 2147483647; files = (100000000000000000000003 /* Assets.xcassets in Resources */, 100000000000000000000034 /* Localizable.xcstrings in Resources */,); runOnlyForDeploymentPostprocessing = 0; };
		420000000000000000000002 /* Resources */ = {isa = PBXResourcesBuildPhase; buildActionMask = 2147483647; files = (); runOnlyForDeploymentPostprocessing = 0; };
		420000000000000000000003 /* Resources */ = {isa = PBXResourcesBuildPhase; buildActionMask = 2147483647; files = (10000000000000000000000E /* io-report-single-die.plist in Resources */, 10000000000000000000000F /* io-report-multi-die.plist in Resources */,); runOnlyForDeploymentPostprocessing = 0; };
		420000000000000000000004 /* Resources */ = {isa = PBXResourcesBuildPhase; buildActionMask = 2147483647; files = (); runOnlyForDeploymentPostprocessing = 0; };
		420000000000000000000005 /* Resources */ = {isa = PBXResourcesBuildPhase; buildActionMask = 2147483647; files = (); runOnlyForDeploymentPostprocessing = 0; };
		420000000000000000000006 /* Resources */ = {isa = PBXResourcesBuildPhase; buildActionMask = 2147483647; files = (); runOnlyForDeploymentPostprocessing = 0; };
/* End PBXResourcesBuildPhase section */

/* Begin PBXSourcesBuildPhase section */
		410000000000000000000001 /* Sources */ = {isa = PBXSourcesBuildPhase; buildActionMask = 2147483647; files = (100000000000000000000001 /* CPUAlertApp.swift in Sources */, 100000000000000000000002 /* MenuBarLabel.swift in Sources */, 100000000000000000000005 /* Metrics.swift in Sources */, 100000000000000000000006 /* Configuration.swift in Sources */, 100000000000000000000007 /* CollectorProtocols.swift in Sources */, 100000000000000000000008 /* SamplingPolicy.swift in Sources */, 10000000000000000000000A /* DarwinBridge.c in Sources */, 10000000000000000000000B /* CPUCollectors.swift in Sources */, 10000000000000000000000D /* GPUCollectors.swift in Sources */, 100000000000000000000012 /* SamplingEngine.swift in Sources */, 100000000000000000000013 /* PowerStateMonitor.swift in Sources */, 100000000000000000000014 /* MonitorModel.swift in Sources */, 100000000000000000000015 /* MonitorPanel.swift in Sources */, 100000000000000000000016 /* RankedProcessList.swift in Sources */, 100000000000000000000019 /* AlertEngine.swift in Sources */, 10000000000000000000001A /* NotificationService.swift in Sources */, 10000000000000000000001D /* HelperProtocol.swift in Sources */, 10000000000000000000001E /* ProcessIdentityReader.swift in Sources */, 10000000000000000000001F /* ProtectedProcessPolicy.swift in Sources */, 100000000000000000000020 /* TerminationCoordinator.swift in Sources */, 100000000000000000000021 /* LegacyBlessingInstaller.m in Sources */, 100000000000000000000022 /* HelperClient.swift in Sources */, 10000000000000000000002F /* AppSettings.swift in Sources */, 100000000000000000000030 /* LoginItemService.swift in Sources */, 100000000000000000000031 /* UITestState.swift in Sources */, 100000000000000000000032 /* FirstRunView.swift in Sources */, 100000000000000000000033 /* SettingsView.swift in Sources */,); runOnlyForDeploymentPostprocessing = 0; };
		410000000000000000000002 /* Sources */ = {isa = PBXSourcesBuildPhase; buildActionMask = 2147483647; files = (100000000000000000000026 /* HelperProtocol.swift in Sources */, 100000000000000000000027 /* ProcessIdentityReader.swift in Sources */, 100000000000000000000028 /* ProtectedProcessPolicy.swift in Sources */, 100000000000000000000029 /* Metrics.swift in Sources */, 10000000000000000000002A /* main.swift in Sources */, 10000000000000000000002B /* HelperService.swift in Sources */,); runOnlyForDeploymentPostprocessing = 0; };
		410000000000000000000003 /* Sources */ = {isa = PBXSourcesBuildPhase; buildActionMask = 2147483647; files = (100000000000000000000004 /* SamplingPolicyTests.swift in Sources */, 100000000000000000000009 /* CPUCollectorTests.swift in Sources */, 10000000000000000000000C /* GPUCollectorTests.swift in Sources */, 100000000000000000000011 /* SamplingEngineTests.swift in Sources */, 100000000000000000000018 /* AlertEngineTests.swift in Sources */, 10000000000000000000001B /* ProtectedProcessPolicyTests.swift in Sources */, 10000000000000000000001C /* TerminationCoordinatorTests.swift in Sources */, 10000000000000000000002E /* AppSettingsTests.swift in Sources */,); runOnlyForDeploymentPostprocessing = 0; };
		410000000000000000000004 /* Sources */ = {isa = PBXSourcesBuildPhase; buildActionMask = 2147483647; files = (100000000000000000000017 /* CPUAlertUITests.swift in Sources */,); runOnlyForDeploymentPostprocessing = 0; };
		410000000000000000000005 /* Sources */ = {isa = PBXSourcesBuildPhase; buildActionMask = 2147483647; files = (); runOnlyForDeploymentPostprocessing = 0; };
		410000000000000000000006 /* Sources */ = {isa = PBXSourcesBuildPhase; buildActionMask = 2147483647; files = (); runOnlyForDeploymentPostprocessing = 0; };
/* End PBXSourcesBuildPhase section */

/* Begin PBXTargetDependency section */
		430000000000000000000001 /* PBXTargetDependency */ = {isa = PBXTargetDependency; target = 300000000000000000000001 /* CPUAlert */; targetProxy = 120000000000000000000001 /* PBXContainerItemProxy */; };
		430000000000000000000002 /* PBXTargetDependency */ = {isa = PBXTargetDependency; target = 300000000000000000000001 /* CPUAlert */; targetProxy = 120000000000000000000002 /* PBXContainerItemProxy */; };
		430000000000000000000003 /* PBXTargetDependency */ = {isa = PBXTargetDependency; target = 300000000000000000000002 /* CPUAlertHelper */; targetProxy = 120000000000000000000003 /* PBXContainerItemProxy */; };
/* End PBXTargetDependency section */

/* Begin XCBuildConfiguration section */
		600000000000000000000001 /* Debug */ = {isa = XCBuildConfiguration; baseConfigurationReference = 110000000000000000000005 /* Base.xcconfig */; buildSettings = {DEBUG_INFORMATION_FORMAT = dwarf; ENABLE_TESTABILITY = YES; GCC_PREPROCESSOR_DEFINITIONS = ("DEBUG=1", "$(inherited)",); MTL_ENABLE_DEBUG_INFO = INCLUDE_SOURCE; ONLY_ACTIVE_ARCH = YES; SDKROOT = macosx; SWIFT_ACTIVE_COMPILATION_CONDITIONS = "DEBUG $(inherited)";}; name = Debug;};
		600000000000000000000002 /* Release */ = {isa = XCBuildConfiguration; baseConfigurationReference = 110000000000000000000005 /* Base.xcconfig */; buildSettings = {DEBUG_INFORMATION_FORMAT = "dwarf-with-dsym"; ENABLE_NS_ASSERTIONS = NO; MTL_ENABLE_DEBUG_INFO = NO; SDKROOT = macosx; SWIFT_COMPILATION_MODE = wholemodule;}; name = Release;};
		600000000000000000000003 /* Debug */ = {isa = XCBuildConfiguration; baseConfigurationReference = 110000000000000000000005 /* Base.xcconfig */; buildSettings = {ASSETCATALOG_COMPILER_APPICON_NAME = AppIcon; CURRENT_PROJECT_VERSION = 1; GENERATE_INFOPLIST_FILE = NO; INFOPLIST_FILE = CPUAlertApp/Info.plist; LD_RUNPATH_SEARCH_PATHS = ("$(inherited)", "@executable_path/../Frameworks",); MARKETING_VERSION = 0.1.0; PRODUCT_BUNDLE_IDENTIFIER = "$(CPU_ALERT_BUNDLE_PREFIX).app"; PRODUCT_MODULE_NAME = CPUAlert; PRODUCT_NAME = CPUAlert; SWIFT_EMIT_LOC_STRINGS = YES; SWIFT_OBJC_BRIDGING_HEADER = "CPUAlertApp/CPUAlert-Bridging-Header.h";}; name = Debug;};
		600000000000000000000004 /* Release */ = {isa = XCBuildConfiguration; baseConfigurationReference = 110000000000000000000005 /* Base.xcconfig */; buildSettings = {ASSETCATALOG_COMPILER_APPICON_NAME = AppIcon; CURRENT_PROJECT_VERSION = 1; GENERATE_INFOPLIST_FILE = NO; INFOPLIST_FILE = CPUAlertApp/Info.plist; LD_RUNPATH_SEARCH_PATHS = ("$(inherited)", "@executable_path/../Frameworks",); MARKETING_VERSION = 0.1.0; PRODUCT_BUNDLE_IDENTIFIER = "$(CPU_ALERT_BUNDLE_PREFIX).app"; PRODUCT_MODULE_NAME = CPUAlert; PRODUCT_NAME = CPUAlert; SWIFT_EMIT_LOC_STRINGS = YES; SWIFT_OBJC_BRIDGING_HEADER = "CPUAlertApp/CPUAlert-Bridging-Header.h";}; name = Release;};
		600000000000000000000005 /* Debug */ = {isa = XCBuildConfiguration; baseConfigurationReference = 110000000000000000000005 /* Base.xcconfig */; buildSettings = {CODE_SIGN_INJECT_BASE_ENTITLEMENTS = NO; OTHER_LDFLAGS = ("$(inherited)", "-sectcreate", __TEXT, __info_plist, "$(SRCROOT)/CPUAlertHelper/Helper-Info.plist", "-sectcreate", __TEXT, __launchd_plist, "$(SRCROOT)/CPUAlertHelper/Launchd.plist",); PRODUCT_BUNDLE_IDENTIFIER = com.cpualert.helper; PRODUCT_NAME = com.cpualert.helper; SKIP_INSTALL = YES;}; name = Debug;};
		600000000000000000000006 /* Release */ = {isa = XCBuildConfiguration; baseConfigurationReference = 110000000000000000000005 /* Base.xcconfig */; buildSettings = {CODE_SIGN_INJECT_BASE_ENTITLEMENTS = NO; OTHER_LDFLAGS = ("$(inherited)", "-sectcreate", __TEXT, __info_plist, "$(SRCROOT)/CPUAlertHelper/Helper-Info.plist", "-sectcreate", __TEXT, __launchd_plist, "$(SRCROOT)/CPUAlertHelper/Launchd.plist",); PRODUCT_BUNDLE_IDENTIFIER = com.cpualert.helper; PRODUCT_NAME = com.cpualert.helper; SKIP_INSTALL = YES;}; name = Release;};
		600000000000000000000007 /* Debug */ = {isa = XCBuildConfiguration; baseConfigurationReference = 110000000000000000000005 /* Base.xcconfig */; buildSettings = {BUNDLE_LOADER = "$(TEST_HOST)"; GENERATE_INFOPLIST_FILE = YES; PRODUCT_BUNDLE_IDENTIFIER = "$(CPU_ALERT_BUNDLE_PREFIX).tests"; PRODUCT_NAME = "$(TARGET_NAME)"; TEST_HOST = "$(BUILT_PRODUCTS_DIR)/CPUAlert.app/Contents/MacOS/CPUAlert";}; name = Debug;};
		600000000000000000000008 /* Release */ = {isa = XCBuildConfiguration; baseConfigurationReference = 110000000000000000000005 /* Base.xcconfig */; buildSettings = {BUNDLE_LOADER = "$(TEST_HOST)"; GENERATE_INFOPLIST_FILE = YES; PRODUCT_BUNDLE_IDENTIFIER = "$(CPU_ALERT_BUNDLE_PREFIX).tests"; PRODUCT_NAME = "$(TARGET_NAME)"; TEST_HOST = "$(BUILT_PRODUCTS_DIR)/CPUAlert.app/Contents/MacOS/CPUAlert";}; name = Release;};
		600000000000000000000009 /* Debug */ = {isa = XCBuildConfiguration; baseConfigurationReference = 110000000000000000000005 /* Base.xcconfig */; buildSettings = {GENERATE_INFOPLIST_FILE = YES; PRODUCT_BUNDLE_IDENTIFIER = "$(CPU_ALERT_BUNDLE_PREFIX).uitests"; PRODUCT_NAME = "$(TARGET_NAME)"; TEST_TARGET_NAME = CPUAlert;}; name = Debug;};
		60000000000000000000000A /* Release */ = {isa = XCBuildConfiguration; baseConfigurationReference = 110000000000000000000005 /* Base.xcconfig */; buildSettings = {GENERATE_INFOPLIST_FILE = YES; PRODUCT_BUNDLE_IDENTIFIER = "$(CPU_ALERT_BUNDLE_PREFIX).uitests"; PRODUCT_NAME = "$(TARGET_NAME)"; TEST_TARGET_NAME = CPUAlert;}; name = Release;};
		60000000000000000000000B /* Debug */ = {isa = XCBuildConfiguration; baseConfigurationReference = 110000000000000000000005 /* Base.xcconfig */; buildSettings = {PRODUCT_NAME = CPUStress;}; name = Debug;};
		60000000000000000000000C /* Release */ = {isa = XCBuildConfiguration; baseConfigurationReference = 110000000000000000000005 /* Base.xcconfig */; buildSettings = {PRODUCT_NAME = CPUStress;}; name = Release;};
		60000000000000000000000D /* Debug */ = {isa = XCBuildConfiguration; baseConfigurationReference = 110000000000000000000005 /* Base.xcconfig */; buildSettings = {PRODUCT_NAME = GPUStress;}; name = Debug;};
		60000000000000000000000E /* Release */ = {isa = XCBuildConfiguration; baseConfigurationReference = 110000000000000000000005 /* Base.xcconfig */; buildSettings = {PRODUCT_NAME = GPUStress;}; name = Release;};
/* End XCBuildConfiguration section */

/* Begin XCConfigurationList section */
		500000000000000000000001 /* Build configuration list for PBXProject "CPUAlert" */ = {isa = XCConfigurationList; buildConfigurations = (600000000000000000000001 /* Debug */, 600000000000000000000002 /* Release */,); defaultConfigurationIsVisible = 0; defaultConfigurationName = Release;};
		500000000000000000000002 /* Build configuration list for PBXNativeTarget "CPUAlert" */ = {isa = XCConfigurationList; buildConfigurations = (600000000000000000000003 /* Debug */, 600000000000000000000004 /* Release */,); defaultConfigurationIsVisible = 0; defaultConfigurationName = Release;};
		500000000000000000000003 /* Build configuration list for PBXNativeTarget "CPUAlertHelper" */ = {isa = XCConfigurationList; buildConfigurations = (600000000000000000000005 /* Debug */, 600000000000000000000006 /* Release */,); defaultConfigurationIsVisible = 0; defaultConfigurationName = Release;};
		500000000000000000000004 /* Build configuration list for PBXNativeTarget "CPUAlertTests" */ = {isa = XCConfigurationList; buildConfigurations = (600000000000000000000007 /* Debug */, 600000000000000000000008 /* Release */,); defaultConfigurationIsVisible = 0; defaultConfigurationName = Release;};
		500000000000000000000005 /* Build configuration list for PBXNativeTarget "CPUAlertUITests" */ = {isa = XCConfigurationList; buildConfigurations = (600000000000000000000009 /* Debug */, 60000000000000000000000A /* Release */,); defaultConfigurationIsVisible = 0; defaultConfigurationName = Release;};
		500000000000000000000006 /* Build configuration list for PBXNativeTarget "CPUStress" */ = {isa = XCConfigurationList; buildConfigurations = (60000000000000000000000B /* Debug */, 60000000000000000000000C /* Release */,); defaultConfigurationIsVisible = 0; defaultConfigurationName = Release;};
		500000000000000000000007 /* Build configuration list for PBXNativeTarget "GPUStress" */ = {isa = XCConfigurationList; buildConfigurations = (60000000000000000000000D /* Debug */, 60000000000000000000000E /* Release */,); defaultConfigurationIsVisible = 0; defaultConfigurationName = Release;};
/* End XCConfigurationList section */
	};
	rootObject = 200000000000000000000001 /* Project object */;
}
